
Microsoft Visual Studio Solution File, Format Version 12.00
# Visual Studio Version 16
VisualStudioVersion = 16.0.33214.272
MinimumVisualStudioVersion = 10.0.40219.1
Project("{FAE04EC0-301F-11D3-BF4B-00C04F79EFBC}") = "Escritorio1.0", "Escritorio1.0\Escritorio1.0.csproj", "{14A24D85-C9EB-4C4F-96C0-3E1CA4A8A7A8}"
EndProject
Global
	GlobalSection(SolutionConfigurationPlatforms) = preSolution
		Debug|Any CPU = Debug|Any CPU
		Release|Any CPU = Release|Any CPU
	EndGlobalSection
	GlobalSection(ProjectConfigurationPlatforms) = postSolution
		{14A24D85-C9EB-4C4F-96C0-3E1CA4A8A7A8}.Debug|Any CPU.ActiveCfg = Debug|Any CPU
		{14A24D85-C9EB-4C4F-96C0-3E1CA4A8A7A8}.Debug|Any CPU.Build.0 = Debug|Any CPU
		{14A24D85-C9EB-4C4F-96C0-3E1CA4A8A7A8}.Release|Any CPU.ActiveCfg = Release|Any CPU
		{14A24D85-C9EB-4C4F-96C0-3E1CA4A8A7A8}.Release|Any CPU.Build.0 = Release|Any CPU
	EndGlobalSection
	GlobalSection(SolutionProperties) = preSolution
		HideSolutionNode = FALSE
	EndGlobalSection
	GlobalSection(ExtensibilityGlobals) = postSolution
		SolutionGuid = {14DED6EE-A6A3-4DBE-9931-2DDE5326D11B}
	EndGlobalSection
EndGlobal
